
Microsoft Visual Studio Solution File, Format Version 12.00
# Visual Studio Version 17
VisualStudioVersion = 17.2.32630.192
MinimumVisualStudioVersion = 10.0.40219.1
Project("{FAE04EC0-301F-11D3-BF4B-00C04F79EFBC}") = "RockPaperScissors", "RockPaperScissors.csproj", "{59802C83-D329-41B9-96F2-C544FD1C6E72}"
EndProject
Global
	GlobalSection(SolutionConfigurationPlatforms) = preSolution
		Debug|Any CPU = Debug|Any CPU
		Release|Any CPU = Release|Any CPU
	EndGlobalSection
	GlobalSection(ProjectConfigurationPlatforms) = postSolution
		{59802C83-D329-41B9-96F2-C544FD1C6E72}.Debug|Any CPU.ActiveCfg = Debug|Any CPU
		{59802C83-D329-41B9-96F2-C544FD1C6E72}.Debug|Any CPU.Build.0 = Debug|Any CPU
		{59802C83-D329-41B9-96F2-C544FD1C6E72}.Release|Any CPU.ActiveCfg = Release|Any CPU
		{59802C83-D329-41B9-96F2-C544FD1C6E72}.Release|Any CPU.Build.0 = Release|Any CPU
	EndGlobalSection
	GlobalSection(SolutionProperties) = preSolution
		HideSolutionNode = FALSE
	EndGlobalSection
	GlobalSection(ExtensibilityGlobals) = postSolution
		SolutionGuid = {275147B5-D926-4B5B-91DC-543A60861782}
	EndGlobalSection
EndGlobal
